// !$*UTF8*$!
{
	archiveVersion = 1;
	classes = {
	};
	objectVersion = 50;
	objects = {

/* Begin PBXBuildFile section */
		1557700A22A65A2B00187D59 /* AppDelegate.swift in Sources */ = {isa = PBXBuildFile; fileRef = 1557700922A65A2B00187D59 /* AppDelegate.swift */; };
		1557700C22A65A2B00187D59 /* SceneDelegate.swift in Sources */ = {isa = PBXBuildFile; fileRef = 1557700B22A65A2B00187D59 /* SceneDelegate.swift */; };
		1557700E22A65A2B00187D59 /* DetailView.swift in Sources */ = {isa = PBXBuildFile; fileRef = 1557700D22A65A2B00187D59 /* DetailView.swift */; };
		1557701022A65A2D00187D59 /* Assets.xcassets in Resources */ = {isa = PBXBuildFile; fileRef = 1557700F22A65A2D00187D59 /* Assets.xcassets */; };
		1557701322A65A2D00187D59 /* Preview Assets.xcassets in Resources */ = {isa = PBXBuildFile; fileRef = 1557701222A65A2D00187D59 /* Preview Assets.xcassets */; };
		1557701622A65A2D00187D59 /* LaunchScreen.storyboard in Resources */ = {isa = PBXBuildFile; fileRef = 1557701422A65A2D00187D59 /* LaunchScreen.storyboard */; };
		1565233422A66B4E00931B82 /* turtlerock.jpg in Resources */ = {isa = PBXBuildFile; fileRef = 1565232722A66B4E00931B82 /* turtlerock.jpg */; };
		1565233522A66B4E00931B82 /* silversalmoncreek.jpg in Resources */ = {isa = PBXBuildFile; fileRef = 1565232822A66B4E00931B82 /* silversalmoncreek.jpg */; };
		1565233622A66B4E00931B82 /* icybay.jpg in Resources */ = {isa = PBXBuildFile; fileRef = 1565232922A66B4E00931B82 /* icybay.jpg */; };
		1565233722A66B4E00931B82 /* lakemcdonald.jpg in Resources */ = {isa = PBXBuildFile; fileRef = 1565232A22A66B4E00931B82 /* lakemcdonald.jpg */; };
		1565233822A66B4E00931B82 /* hiddenlake.jpg in Resources */ = {isa = PBXBuildFile; fileRef = 1565232B22A66B4E00931B82 /* hiddenlake.jpg */; };
		1565233922A66B4E00931B82 /* twinlake.jpg in Resources */ = {isa = PBXBuildFile; fileRef = 1565232C22A66B4E00931B82 /* twinlake.jpg */; };
		1565233A22A66B4E00931B82 /* umbagog.jpg in Resources */ = {isa = PBXBuildFile; fileRef = 1565232D22A66B4E00931B82 /* umbagog.jpg */; };
		1565233B22A66B4E00931B82 /* landmarkData.json in Resources */ = {isa = PBXBuildFile; fileRef = 1565232E22A66B4E00931B82 /* landmarkData.json */; };
		1565233C22A66B4E00931B82 /* chincoteague.jpg in Resources */ = {isa = PBXBuildFile; fileRef = 1565232F22A66B4E00931B82 /* chincoteague.jpg */; };
		1565233D22A66B4E00931B82 /* yukon_charleyrivers.jpg in Resources */ = {isa = PBXBuildFile; fileRef = 1565233022A66B4E00931B82 /* yukon_charleyrivers.jpg */; };
		1565233E22A66B4E00931B82 /* stmarylake.jpg in Resources */ = {isa = PBXBuildFile; fileRef = 1565233122A66B4E00931B82 /* stmarylake.jpg */; };
		1565233F22A66B4E00931B82 /* chilkoottrail.jpg in Resources */ = {isa = PBXBuildFile; fileRef = 1565233222A66B4E00931B82 /* chilkoottrail.jpg */; };
		1565234022A66B4E00931B82 /* rainbowlake.jpg in Resources */ = {isa = PBXBuildFile; fileRef = 1565233322A66B4E00931B82 /* rainbowlake.jpg */; };
		1565234322A66B6D00931B82 /* Landmark.swift in Sources */ = {isa = PBXBuildFile; fileRef = 1565234222A66B6D00931B82 /* Landmark.swift */; };
		1565234522A66C2F00931B82 /* DataStore.swift in Sources */ = {isa = PBXBuildFile; fileRef = 1565234422A66C2F00931B82 /* DataStore.swift */; };
		1565234722A670EA00931B82 /* LandmarkRow.swift in Sources */ = {isa = PBXBuildFile; fileRef = 1565234622A670EA00931B82 /* LandmarkRow.swift */; };
		1565234922A674E900931B82 /* LandmarkList.swift in Sources */ = {isa = PBXBuildFile; fileRef = 1565234822A674E900931B82 /* LandmarkList.swift */; };
		1565234B22A68C2600931B82 /* charleyrivers.jpg in Resources */ = {isa = PBXBuildFile; fileRef = 1565234A22A68C2600931B82 /* charleyrivers.jpg */; };
		1565234D22A68E0D00931B82 /* UserData.swift in Sources */ = {isa = PBXBuildFile; fileRef = 1565234C22A68E0D00931B82 /* UserData.swift */; };
		1565234F22A69ADC00931B82 /* Badge.swift in Sources */ = {isa = PBXBuildFile; fileRef = 1565234E22A69ADC00931B82 /* Badge.swift */; };
		1565235122A69B1900931B82 /* Paramters.swift in Sources */ = {isa = PBXBuildFile; fileRef = 1565235022A69B1900931B82 /* Paramters.swift */; };
		1587CC0B22A65F6100D66876 /* CircleImage.swift in Sources */ = {isa = PBXBuildFile; fileRef = 1587CC0A22A65F6100D66876 /* CircleImage.swift */; };
		1587CC0D22A6632B00D66876 /* MapView.swift in Sources */ = {isa = PBXBuildFile; fileRef = 1587CC0C22A6632B00D66876 /* MapView.swift */; };
		15D4FDD522A6D44700FF336E /* BadgeBackground.swift in Sources */ = {isa = PBXBuildFile; fileRef = 15D4FDD422A6D44700FF336E /* BadgeBackground.swift */; };
		15D4FDD722A6D4A800FF336E /* BadgeSymbol.swift in Sources */ = {isa = PBXBuildFile; fileRef = 15D4FDD622A6D4A800FF336E /* BadgeSymbol.swift */; };
		15D4FDD922A6D6EE00FF336E /* RotatedBadgeSymbol.swift in Sources */ = {isa = PBXBuildFile; fileRef = 15D4FDD822A6D6EE00FF336E /* RotatedBadgeSymbol.swift */; };
		15D4FDDB22A6DC8C00FF336E /* hikeData.json in Resources */ = {isa = PBXBuildFile; fileRef = 15D4FDDA22A6DC8C00FF336E /* hikeData.json */; };
		15D4FDDD22A6DCAA00FF336E /* Hike.swift in Sources */ = {isa = PBXBuildFile; fileRef = 15D4FDDC22A6DCAA00FF336E /* Hike.swift */; };
		15D4FDE022A6DDDC00FF336E /* GraphCapsule.swift in Sources */ = {isa = PBXBuildFile; fileRef = 15D4FDDF22A6DDDC00FF336E /* GraphCapsule.swift */; };
		15D4FDE222A6DE3300FF336E /* HikeGraph.swift in Sources */ = {isa = PBXBuildFile; fileRef = 15D4FDE122A6DE3300FF336E /* HikeGraph.swift */; };
		15D4FDE422A6E22500FF336E /* HikeView.swift in Sources */ = {isa = PBXBuildFile; fileRef = 15D4FDE322A6E22500FF336E /* HikeView.swift */; };
		15D4FDE622A6E31E00FF336E /* HikeDetail.swift in Sources */ = {isa = PBXBuildFile; fileRef = 15D4FDE522A6E31E00FF336E /* HikeDetail.swift */; };
		15D4FDE822A6EFD200FF336E /* CategoryHome.swift in Sources */ = {isa = PBXBuildFile; fileRef = 15D4FDE722A6EFD200FF336E /* CategoryHome.swift */; };
		15D4FDEA22A6F0FD00FF336E /* CategoryRow.swift in Sources */ = {isa = PBXBuildFile; fileRef = 15D4FDE922A6F0FD00FF336E /* CategoryRow.swift */; };
		15D4FDEC22A6F26600FF336E /* CategoryItem.swift in Sources */ = {isa = PBXBuildFile; fileRef = 15D4FDEB22A6F26600FF336E /* CategoryItem.swift */; };
		15D4FDEE22A6F31700FF336E /* FeaturedLandmarks.swift in Sources */ = {isa = PBXBuildFile; fileRef = 15D4FDED22A6F31700FF336E /* FeaturedLandmarks.swift */; };
		15D4FDF022A6F7AF00FF336E /* Profile.swift in Sources */ = {isa = PBXBuildFile; fileRef = 15D4FDEF22A6F7AF00FF336E /* Profile.swift */; };
		15D4FDF222A6F87400FF336E /* ProfileHost.swift in Sources */ = {isa = PBXBuildFile; fileRef = 15D4FDF122A6F87400FF336E /* ProfileHost.swift */; };
		15D4FDF522A6F8F100FF336E /* ProfileSummary.swift in Sources */ = {isa = PBXBuildFile; fileRef = 15D4FDF422A6F8F100FF336E /* ProfileSummary.swift */; };
		15D4FDF722A6FA4000FF336E /* HikeBadge.swift in Sources */ = {isa = PBXBuildFile; fileRef = 15D4FDF622A6FA4000FF336E /* HikeBadge.swift */; };
		15D4FDF922A6FCD000FF336E /* ProfileEditor.swift in Sources */ = {isa = PBXBuildFile; fileRef = 15D4FDF822A6FCD000FF336E /* ProfileEditor.swift */; };
/* End PBXBuildFile section */

/* Begin PBXFileReference section */
		1557700622A65A2B00187D59 /* Landmarks.app */ = {isa = PBXFileReference; explicitFileType = wrapper.application; includeInIndex = 0; path = Landmarks.app; sourceTree = BUILT_PRODUCTS_DIR; };
		1557700922A65A2B00187D59 /* AppDelegate.swift */ = {isa = PBXFileReference; lastKnownFileType = sourcecode.swift; path = AppDelegate.swift; sourceTree = "<group>"; };
		1557700B22A65A2B00187D59 /* SceneDelegate.swift */ = {isa = PBXFileReference; lastKnownFileType = sourcecode.swift; path = SceneDelegate.swift; sourceTree = "<group>"; };
		1557700D22A65A2B00187D59 /* DetailView.swift */ = {isa = PBXFileReference; lastKnownFileType = sourcecode.swift; path = DetailView.swift; sourceTree = "<group>"; };
		1557700F22A65A2D00187D59 /* Assets.xcassets */ = {isa = PBXFileReference; lastKnownFileType = folder.assetcatalog; path = Assets.xcassets; sourceTree = "<group>"; };
		1557701222A65A2D00187D59 /* Preview Assets.xcassets */ = {isa = PBXFileReference; lastKnownFileType = folder.assetcatalog; path = "Preview Assets.xcassets"; sourceTree = "<group>"; };
		1557701522A65A2D00187D59 /* Base */ = {isa = PBXFileReference; lastKnownFileType = file.storyboard; name = Base; path = Base.lproj/LaunchScreen.storyboard; sourceTree = "<group>"; };
		1557701722A65A2D00187D59 /* Info.plist */ = {isa = PBXFileReference; lastKnownFileType = text.plist.xml; path = Info.plist; sourceTree = "<group>"; };
		1557701D22A65B0400187D59 /* Landmarks.entitlements */ = {isa = PBXFileReference; lastKnownFileType = text.plist.entitlements; path = Landmarks.entitlements; sourceTree = "<group>"; };
		1565232722A66B4E00931B82 /* turtlerock.jpg */ = {isa = PBXFileReference; lastKnownFileType = image.jpeg; path = turtlerock.jpg; sourceTree = "<group>"; };
		1565232822A66B4E00931B82 /* silversalmoncreek.jpg */ = {isa = PBXFileReference; lastKnownFileType = image.jpeg; path = silversalmoncreek.jpg; sourceTree = "<group>"; };
		1565232922A66B4E00931B82 /* icybay.jpg */ = {isa = PBXFileReference; lastKnownFileType = image.jpeg; path = icybay.jpg; sourceTree = "<group>"; };
		1565232A22A66B4E00931B82 /* lakemcdonald.jpg */ = {isa = PBXFileReference; lastKnownFileType = image.jpeg; path = lakemcdonald.jpg; sourceTree = "<group>"; };
		1565232B22A66B4E00931B82 /* hiddenlake.jpg */ = {isa = PBXFileReference; lastKnownFileType = image.jpeg; path = hiddenlake.jpg; sourceTree = "<group>"; };
		1565232C22A66B4E00931B82 /* twinlake.jpg */ = {isa = PBXFileReference; lastKnownFileType = image.jpeg; path = twinlake.jpg; sourceTree = "<group>"; };
		1565232D22A66B4E00931B82 /* umbagog.jpg */ = {isa = PBXFileReference; lastKnownFileType = image.jpeg; path = umbagog.jpg; sourceTree = "<group>"; };
		1565232E22A66B4E00931B82 /* landmarkData.json */ = {isa = PBXFileReference; fileEncoding = 4; lastKnownFileType = text.json; path = landmarkData.json; sourceTree = "<group>"; };
		1565232F22A66B4E00931B82 /* chincoteague.jpg */ = {isa = PBXFileReference; lastKnownFileType = image.jpeg; path = chincoteague.jpg; sourceTree = "<group>"; };
		1565233022A66B4E00931B82 /* yukon_charleyrivers.jpg */ = {isa = PBXFileReference; lastKnownFileType = image.jpeg; path = yukon_charleyrivers.jpg; sourceTree = "<group>"; };
		1565233122A66B4E00931B82 /* stmarylake.jpg */ = {isa = PBXFileReference; lastKnownFileType = image.jpeg; path = stmarylake.jpg; sourceTree = "<group>"; };
		1565233222A66B4E00931B82 /* chilkoottrail.jpg */ = {isa = PBXFileReference; lastKnownFileType = image.jpeg; path = chilkoottrail.jpg; sourceTree = "<group>"; };
		1565233322A66B4E00931B82 /* rainbowlake.jpg */ = {isa = PBXFileReference; lastKnownFileType = image.jpeg; path = rainbowlake.jpg; sourceTree = "<group>"; };
		1565234222A66B6D00931B82 /* Landmark.swift */ = {isa = PBXFileReference; lastKnownFileType = sourcecode.swift; path = Landmark.swift; sourceTree = "<group>"; };
		1565234422A66C2F00931B82 /* DataStore.swift */ = {isa = PBXFileReference; lastKnownFileType = sourcecode.swift; path = DataStore.swift; sourceTree = "<group>"; };
		1565234622A670EA00931B82 /* LandmarkRow.swift */ = {isa = PBXFileReference; lastKnownFileType = sourcecode.swift; path = LandmarkRow.swift; sourceTree = "<group>"; };
		1565234822A674E900931B82 /* LandmarkList.swift */ = {isa = PBXFileReference; lastKnownFileType = sourcecode.swift; path = LandmarkList.swift; sourceTree = "<group>"; };
		1565234A22A68C2600931B82 /* charleyrivers.jpg */ = {isa = PBXFileReference; lastKnownFileType = image.jpeg; path = charleyrivers.jpg; sourceTree = "<group>"; };
		1565234C22A68E0D00931B82 /* UserData.swift */ = {isa = PBXFileReference; lastKnownFileType = sourcecode.swift; path = UserData.swift; sourceTree = "<group>"; };
		1565234E22A69ADC00931B82 /* Badge.swift */ = {isa = PBXFileReference; lastKnownFileType = sourcecode.swift; path = Badge.swift; sourceTree = "<group>"; };
		1565235022A69B1900931B82 /* Paramters.swift */ = {isa = PBXFileReference; lastKnownFileType = sourcecode.swift; path = Paramters.swift; sourceTree = "<group>"; };
		1587CC0A22A65F6100D66876 /* CircleImage.swift */ = {isa = PBXFileReference; lastKnownFileType = sourcecode.swift; path = CircleImage.swift; sourceTree = "<group>"; };
		1587CC0C22A6632B00D66876 /* MapView.swift */ = {isa = PBXFileReference; lastKnownFileType = sourcecode.swift; path = MapView.swift; sourceTree = "<group>"; };
		15D4FDD422A6D44700FF336E /* BadgeBackground.swift */ = {isa = PBXFileReference; lastKnownFileType = sourcecode.swift; path = BadgeBackground.swift; sourceTree = "<group>"; };
		15D4FDD622A6D4A800FF336E /* BadgeSymbol.swift */ = {isa = PBXFileReference; lastKnownFileType = sourcecode.swift; path = BadgeSymbol.swift; sourceTree = "<group>"; };
		15D4FDD822A6D6EE00FF336E /* RotatedBadgeSymbol.swift */ = {isa = PBXFileReference; lastKnownFileType = sourcecode.swift; path = RotatedBadgeSymbol.swift; sourceTree = "<group>"; };
		15D4FDDA22A6DC8C00FF336E /* hikeData.json */ = {isa = PBXFileReference; fileEncoding = 4; lastKnownFileType = text.json; path = hikeData.json; sourceTree = "<group>"; };
		15D4FDDC22A6DCAA00FF336E /* Hike.swift */ = {isa = PBXFileReference; lastKnownFileType = sourcecode.swift; path = Hike.swift; sourceTree = "<group>"; };
		15D4FDDF22A6DDDC00FF336E /* GraphCapsule.swift */ = {isa = PBXFileReference; lastKnownFileType = sourcecode.swift; path = GraphCapsule.swift; sourceTree = "<group>"; };
		15D4FDE122A6DE3300FF336E /* HikeGraph.swift */ = {isa = PBXFileReference; lastKnownFileType = sourcecode.swift; path = HikeGraph.swift; sourceTree = "<group>"; };
		15D4FDE322A6E22500FF336E /* HikeView.swift */ = {isa = PBXFileReference; lastKnownFileType = sourcecode.swift; path = HikeView.swift; sourceTree = "<group>"; };
		15D4FDE522A6E31E00FF336E /* HikeDetail.swift */ = {isa = PBXFileReference; lastKnownFileType = sourcecode.swift; path = HikeDetail.swift; sourceTree = "<group>"; };
		15D4FDE722A6EFD200FF336E /* CategoryHome.swift */ = {isa = PBXFileReference; lastKnownFileType = sourcecode.swift; path = CategoryHome.swift; sourceTree = "<group>"; };
		15D4FDE922A6F0FD00FF336E /* CategoryRow.swift */ = {isa = PBXFileReference; lastKnownFileType = sourcecode.swift; path = CategoryRow.swift; sourceTree = "<group>"; };
		15D4FDEB22A6F26600FF336E /* CategoryItem.swift */ = {isa = PBXFileReference; lastKnownFileType = sourcecode.swift; path = CategoryItem.swift; sourceTree = "<group>"; };
		15D4FDED22A6F31700FF336E /* FeaturedLandmarks.swift */ = {isa = PBXFileReference; lastKnownFileType = sourcecode.swift; path = FeaturedLandmarks.swift; sourceTree = "<group>"; };
		15D4FDEF22A6F7AF00FF336E /* Profile.swift */ = {isa = PBXFileReference; lastKnownFileType = sourcecode.swift; path = Profile.swift; sourceTree = "<group>"; };
		15D4FDF122A6F87400FF336E /* ProfileHost.swift */ = {isa = PBXFileReference; lastKnownFileType = sourcecode.swift; path = ProfileHost.swift; sourceTree = "<group>"; };
		15D4FDF422A6F8F100FF336E /* ProfileSummary.swift */ = {isa = PBXFileReference; lastKnownFileType = sourcecode.swift; path = ProfileSummary.swift; sourceTree = "<group>"; };
		15D4FDF622A6FA4000FF336E /* HikeBadge.swift */ = {isa = PBXFileReference; lastKnownFileType = sourcecode.swift; path = HikeBadge.swift; sourceTree = "<group>"; };
		15D4FDF822A6FCD000FF336E /* ProfileEditor.swift */ = {isa = PBXFileReference; lastKnownFileType = sourcecode.swift; path = ProfileEditor.swift; sourceTree = "<group>"; };
/* End PBXFileReference section */

/* Begin PBXFrameworksBuildPhase section */
		1557700322A65A2B00187D59 /* Frameworks */ = {
			isa = PBXFrameworksBuildPhase;
			buildActionMask = 2147483647;
			files = (
			);
			runOnlyForDeploymentPostprocessing = 0;
		};
/* End PBXFrameworksBuildPhase section */

/* Begin PBXGroup section */
		15576FFD22A65A2B00187D59 = {
			isa = PBXGroup;
			children = (
				1557700822A65A2B00187D59 /* Landmarks */,
				1557700722A65A2B00187D59 /* Products */,
			);
			sourceTree = "<group>";
		};
		1557700722A65A2B00187D59 /* Products */ = {
			isa = PBXGroup;
			children = (
				1557700622A65A2B00187D59 /* Landmarks.app */,
			);
			name = Products;
			sourceTree = "<group>";
		};
		1557700822A65A2B00187D59 /* Landmarks */ = {
			isa = PBXGroup;
			children = (
				15D4FDDE22A6DDCE00FF336E /* Graphs */,
				15D4FDD322A6D38700FF336E /* Badge */,
				1565234122A66B5700931B82 /* Models */,
				1565232622A66B4E00931B82 /* Resources */,
				156A3E4522A666AE0090F388 /* Views */,
				1557701D22A65B0400187D59 /* Landmarks.entitlements */,
				1557700922A65A2B00187D59 /* AppDelegate.swift */,
				1557700B22A65A2B00187D59 /* SceneDelegate.swift */,
				1557700F22A65A2D00187D59 /* Assets.xcassets */,
				1557701422A65A2D00187D59 /* LaunchScreen.storyboard */,
				1557701722A65A2D00187D59 /* Info.plist */,
				1557701122A65A2D00187D59 /* Preview Content */,
			);
			path = Landmarks;
			sourceTree = "<group>";
		};
		1557701122A65A2D00187D59 /* Preview Content */ = {
			isa = PBXGroup;
			children = (
				1557701222A65A2D00187D59 /* Preview Assets.xcassets */,
			);
			path = "Preview Content";
			sourceTree = "<group>";
		};
		1565232622A66B4E00931B82 /* Resources */ = {
			isa = PBXGroup;
			children = (
				15D4FDDA22A6DC8C00FF336E /* hikeData.json */,
				1565234A22A68C2600931B82 /* charleyrivers.jpg */,
				1565232722A66B4E00931B82 /* turtlerock.jpg */,
				1565232822A66B4E00931B82 /* silversalmoncreek.jpg */,
				1565232922A66B4E00931B82 /* icybay.jpg */,
				1565232A22A66B4E00931B82 /* lakemcdonald.jpg */,
				1565232B22A66B4E00931B82 /* hiddenlake.jpg */,
				1565232C22A66B4E00931B82 /* twinlake.jpg */,
				1565232D22A66B4E00931B82 /* umbagog.jpg */,
				1565232E22A66B4E00931B82 /* landmarkData.json */,
				1565232F22A66B4E00931B82 /* chincoteague.jpg */,
				1565233022A66B4E00931B82 /* yukon_charleyrivers.jpg */,
				1565233122A66B4E00931B82 /* stmarylake.jpg */,
				1565233222A66B4E00931B82 /* chilkoottrail.jpg */,
				1565233322A66B4E00931B82 /* rainbowlake.jpg */,
			);
			path = Resources;
			sourceTree = "<group>";
		};
		1565234122A66B5700931B82 /* Models */ = {
			isa = PBXGroup;
			children = (
				1565234222A66B6D00931B82 /* Landmark.swift */,
				1565234422A66C2F00931B82 /* DataStore.swift */,
				1565234C22A68E0D00931B82 /* UserData.swift */,
				15D4FDDC22A6DCAA00FF336E /* Hike.swift */,
				15D4FDEF22A6F7AF00FF336E /* Profile.swift */,
			);
			path = Models;
			sourceTree = "<group>";
		};
		156A3E4522A666AE0090F388 /* Views */ = {
			isa = PBXGroup;
			children = (
				15D4FDF322A6F8E000FF336E /* Profile */,
				1557700D22A65A2B00187D59 /* DetailView.swift */,
				1587CC0A22A65F6100D66876 /* CircleImage.swift */,
				1587CC0C22A6632B00D66876 /* MapView.swift */,
				1565234622A670EA00931B82 /* LandmarkRow.swift */,
				1565234822A674E900931B82 /* LandmarkList.swift */,
				15D4FDE322A6E22500FF336E /* HikeView.swift */,
				15D4FDE522A6E31E00FF336E /* HikeDetail.swift */,
				15D4FDE722A6EFD200FF336E /* CategoryHome.swift */,
				15D4FDE922A6F0FD00FF336E /* CategoryRow.swift */,
				15D4FDEB22A6F26600FF336E /* CategoryItem.swift */,
				15D4FDED22A6F31700FF336E /* FeaturedLandmarks.swift */,
			);
			path = Views;
			sourceTree = "<group>";
		};
		15D4FDD322A6D38700FF336E /* Badge */ = {
			isa = PBXGroup;
			children = (
				1565235022A69B1900931B82 /* Paramters.swift */,
				1565234E22A69ADC00931B82 /* Badge.swift */,
				15D4FDD422A6D44700FF336E /* BadgeBackground.swift */,
				15D4FDD622A6D4A800FF336E /* BadgeSymbol.swift */,
				15D4FDD822A6D6EE00FF336E /* RotatedBadgeSymbol.swift */,
			);
			path = Badge;
			sourceTree = "<group>";
		};
		15D4FDDE22A6DDCE00FF336E /* Graphs */ = {
			isa = PBXGroup;
			children = (
				15D4FDDF22A6DDDC00FF336E /* GraphCapsule.swift */,
				15D4FDE122A6DE3300FF336E /* HikeGraph.swift */,
			);
			path = Graphs;
			sourceTree = "<group>";
		};
		15D4FDF322A6F8E000FF336E /* Profile */ = {
			isa = PBXGroup;
			children = (
				15D4FDF122A6F87400FF336E /* ProfileHost.swift */,
				15D4FDF422A6F8F100FF336E /* ProfileSummary.swift */,
				15D4FDF622A6FA4000FF336E /* HikeBadge.swift */,
				15D4FDF822A6FCD000FF336E /* ProfileEditor.swift */,
			);
			path = Profile;
			sourceTree = "<group>";
		};
/* End PBXGroup section */

/* Begin PBXNativeTarget section */
		1557700522A65A2B00187D59 /* Landmarks */ = {
			isa = PBXNativeTarget;
			buildConfigurationList = 1557701A22A65A2D00187D59 /* Build configuration list for PBXNativeTarget "Landmarks" */;
			buildPhases = (
				1557700222A65A2B00187D59 /* Sources */,
				1557700322A65A2B00187D59 /* Frameworks */,
				1557700422A65A2B00187D59 /* Resources */,
			);
			buildRules = (
			);
			dependencies = (
			);
			name = Landmarks;
			productName = Landmarks;
			productReference = 1557700622A65A2B00187D59 /* Landmarks.app */;
			productType = "com.apple.product-type.application";
		};
/* End PBXNativeTarget section */

/* Begin PBXProject section */
		15576FFE22A65A2B00187D59 /* Project object */ = {
			isa = PBXProject;
			attributes = {
				LastSwiftUpdateCheck = 1100;
				LastUpgradeCheck = 1100;
				ORGANIZATIONNAME = "Timothy Barnard";
				TargetAttributes = {
					1557700522A65A2B00187D59 = {
						CreatedOnToolsVersion = 11.0;
					};
				};
			};
			buildConfigurationList = 1557700122A65A2B00187D59 /* Build configuration list for PBXProject "Landmarks" */;
			compatibilityVersion = "Xcode 9.3";
			developmentRegion = en;
			hasScannedForEncodings = 0;
			knownRegions = (
				en,
				Base,
			);
			mainGroup = 15576FFD22A65A2B00187D59;
			productRefGroup = 1557700722A65A2B00187D59 /* Products */;
			projectDirPath = "";
			projectRoot = "";
			targets = (
				1557700522A65A2B00187D59 /* Landmarks */,
			);
		};
/* End PBXProject section */

/* Begin PBXResourcesBuildPhase section */
		1557700422A65A2B00187D59 /* Resources */ = {
			isa = PBXResourcesBuildPhase;
			buildActionMask = 2147483647;
			files = (
				1565233722A66B4E00931B82 /* lakemcdonald.jpg in Resources */,
				1565233522A66B4E00931B82 /* silversalmoncreek.jpg in Resources */,
				1565233B22A66B4E00931B82 /* landmarkData.json in Resources */,
				1565233422A66B4E00931B82 /* turtlerock.jpg in Resources */,
				15D4FDDB22A6DC8C00FF336E /* hikeData.json in Resources */,
				1557701622A65A2D00187D59 /* LaunchScreen.storyboard in Resources */,
				1565233A22A66B4E00931B82 /* umbagog.jpg in Resources */,
				1565233E22A66B4E00931B82 /* stmarylake.jpg in Resources */,
				1565234B22A68C2600931B82 /* charleyrivers.jpg in Resources */,
				1565233C22A66B4E00931B82 /* chincoteague.jpg in Resources */,
				1557701322A65A2D00187D59 /* Preview Assets.xcassets in Resources */,
				1565233622A66B4E00931B82 /* icybay.jpg in Resources */,
				1565233922A66B4E00931B82 /* twinlake.jpg in Resources */,
				1565233822A66B4E00931B82 /* hiddenlake.jpg in Resources */,
				1557701022A65A2D00187D59 /* Assets.xcassets in Resources */,
				1565234022A66B4E00931B82 /* rainbowlake.jpg in Resources */,
				1565233F22A66B4E00931B82 /* chilkoottrail.jpg in Resources */,
				1565233D22A66B4E00931B82 /* yukon_charleyrivers.jpg in Resources */,
			);
			runOnlyForDeploymentPostprocessing = 0;
		};
/* End PBXResourcesBuildPhase section */

/* Begin PBXSourcesBuildPhase section */
		1557700222A65A2B00187D59 /* Sources */ = {
			isa = PBXSourcesBuildPhase;
			buildActionMask = 2147483647;
			files = (
				15D4FDEA22A6F0FD00FF336E /* CategoryRow.swift in Sources */,
				1565234522A66C2F00931B82 /* DataStore.swift in Sources */,
				15D4FDE822A6EFD200FF336E /* CategoryHome.swift in Sources */,
				15D4FDE222A6DE3300FF336E /* HikeGraph.swift in Sources */,
				1587CC0D22A6632B00D66876 /* MapView.swift in Sources */,
				15D4FDF222A6F87400FF336E /* ProfileHost.swift in Sources */,
				15D4FDF722A6FA4000FF336E /* HikeBadge.swift in Sources */,
				1565234F22A69ADC00931B82 /* Badge.swift in Sources */,
				15D4FDE422A6E22500FF336E /* HikeView.swift in Sources */,
				15D4FDE022A6DDDC00FF336E /* GraphCapsule.swift in Sources */,
				1557700A22A65A2B00187D59 /* AppDelegate.swift in Sources */,
				15D4FDEC22A6F26600FF336E /* CategoryItem.swift in Sources */,
				15D4FDF522A6F8F100FF336E /* ProfileSummary.swift in Sources */,
				15D4FDF922A6FCD000FF336E /* ProfileEditor.swift in Sources */,
				1587CC0B22A65F6100D66876 /* CircleImage.swift in Sources */,
				1565234922A674E900931B82 /* LandmarkList.swift in Sources */,
				15D4FDDD22A6DCAA00FF336E /* Hike.swift in Sources */,
				1557700C22A65A2B00187D59 /* SceneDelegate.swift in Sources */,
				15D4FDD722A6D4A800FF336E /* BadgeSymbol.swift in Sources */,
				15D4FDEE22A6F31700FF336E /* FeaturedLandmarks.swift in Sources */,
				15D4FDF022A6F7AF00FF336E /* Profile.swift in Sources */,
				15D4FDD922A6D6EE00FF336E /* RotatedBadgeSymbol.swift in Sources */,
				1557700E22A65A2B00187D59 /* DetailView.swift in Sources */,
				15D4FDD522A6D44700FF336E /* BadgeBackground.swift in Sources */,
				1565234722A670EA00931B82 /* LandmarkRow.swift in Sources */,
				1565235122A69B1900931B82 /* Paramters.swift in Sources */,
				1565234D22A68E0D00931B82 /* UserData.swift in Sources */,
				1565234322A66B6D00931B82 /* Landmark.swift in Sources */,
				15D4FDE622A6E31E00FF336E /* HikeDetail.swift in Sources */,
			);
			runOnlyForDeploymentPostprocessing = 0;
		};
/* End PBXSourcesBuildPhase section */

/* Begin PBXVariantGroup section */
		1557701422A65A2D00187D59 /* LaunchScreen.storyboard */ = {
			isa = PBXVariantGroup;
			children = (
				1557701522A65A2D00187D59 /* Base */,
			);
			name = LaunchScreen.storyboard;
			sourceTree = "<group>";
		};
/* End PBXVariantGroup section */

/* Begin XCBuildConfiguration section */
		1557701822A65A2D00187D59 /* Debug */ = {
			isa = XCBuildConfiguration;
			buildSettings = {
				ALWAYS_SEARCH_USER_PATHS = NO;
				CLANG_ANALYZER_NONNULL = YES;
				CLANG_ANALYZER_NUMBER_OBJECT_CONVERSION = YES_AGGRESSIVE;
				CLANG_CXX_LANGUAGE_STANDARD = "gnu++14";
				CLANG_CXX_LIBRARY = "libc++";
				CLANG_ENABLE_MODULES = YES;
				CLANG_ENABLE_OBJC_ARC = YES;
				CLANG_ENABLE_OBJC_WEAK = YES;
				CLANG_WARN_BLOCK_CAPTURE_AUTORELEASING = YES;
				CLANG_WARN_BOOL_CONVERSION = YES;
				CLANG_WARN_COMMA = YES;
				CLANG_WARN_CONSTANT_CONVERSION = YES;
				CLANG_WARN_DEPRECATED_OBJC_IMPLEMENTATIONS = YES;
				CLANG_WARN_DIRECT_OBJC_ISA_USAGE = YES_ERROR;
				CLANG_WARN_DOCUMENTATION_COMMENTS = YES;
				CLANG_WARN_EMPTY_BODY = YES;
				CLANG_WARN_ENUM_CONVERSION = YES;
				CLANG_WARN_INFINITE_RECURSION = YES;
				CLANG_WARN_INT_CONVERSION = YES;
				CLANG_WARN_NON_LITERAL_NULL_CONVERSION = YES;
				CLANG_WARN_OBJC_IMPLICIT_RETAIN_SELF = YES;
				CLANG_WARN_OBJC_LITERAL_CONVERSION = YES;
				CLANG_WARN_OBJC_ROOT_CLASS = YES_ERROR;
				CLANG_WARN_RANGE_LOOP_ANALYSIS = YES;
				CLANG_WARN_STRICT_PROTOTYPES = YES;
				CLANG_WARN_SUSPICIOUS_MOVE = YES;
				CLANG_WARN_UNGUARDED_AVAILABILITY = YES_AGGRESSIVE;
				CLANG_WARN_UNREACHABLE_CODE = YES;
				CLANG_WARN__DUPLICATE_METHOD_MATCH = YES;
				COPY_PHASE_STRIP = NO;
				DEBUG_INFORMATION_FORMAT = dwarf;
				ENABLE_STRICT_OBJC_MSGSEND = YES;
				ENABLE_TESTABILITY = YES;
				GCC_C_LANGUAGE_STANDARD = gnu11;
				GCC_DYNAMIC_NO_PIC = NO;
				GCC_NO_COMMON_BLOCKS = YES;
				GCC_OPTIMIZATION_LEVEL = 0;
				GCC_PREPROCESSOR_DEFINITIONS = (
					"DEBUG=1",
					"$(inherited)",
				);
				GCC_WARN_64_TO_32_BIT_CONVERSION = YES;
				GCC_WARN_ABOUT_RETURN_TYPE = YES_ERROR;
				GCC_WARN_UNDECLARED_SELECTOR = YES;
				GCC_WARN_UNINITIALIZED_AUTOS = YES_AGGRESSIVE;
				GCC_WARN_UNUSED_FUNCTION = YES;
				GCC_WARN_UNUSED_VARIABLE = YES;
				IPHONEOS_DEPLOYMENT_TARGET = 13.0;
				MTL_ENABLE_DEBUG_INFO = INCLUDE_SOURCE;
				MTL_FAST_MATH = YES;
				ONLY_ACTIVE_ARCH = YES;
				SDKROOT = iphoneos;
				SWIFT_ACTIVE_COMPILATION_CONDITIONS = DEBUG;
				SWIFT_OPTIMIZATION_LEVEL = "-Onone";
			};
			name = Debug;
		};
		1557701922A65A2D00187D59 /* Release */ = {
			isa = XCBuildConfiguration;
			buildSettings = {
				ALWAYS_SEARCH_USER_PATHS = NO;
				CLANG_ANALYZER_NONNULL = YES;
				CLANG_ANALYZER_NUMBER_OBJECT_CONVERSION = YES_AGGRESSIVE;
				CLANG_CXX_LANGUAGE_STANDARD = "gnu++14";
				CLANG_CXX_LIBRARY = "libc++";
				CLANG_ENABLE_MODULES = YES;
				CLANG_ENABLE_OBJC_ARC = YES;
				CLANG_ENABLE_OBJC_WEAK = YES;
				CLANG_WARN_BLOCK_CAPTURE_AUTORELEASING = YES;
				CLANG_WARN_BOOL_CONVERSION = YES;
				CLANG_WARN_COMMA = YES;
				CLANG_WARN_CONSTANT_CONVERSION = YES;
				CLANG_WARN_DEPRECATED_OBJC_IMPLEMENTATIONS = YES;
				CLANG_WARN_DIRECT_OBJC_ISA_USAGE = YES_ERROR;
				CLANG_WARN_DOCUMENTATION_COMMENTS = YES;
				CLANG_WARN_EMPTY_BODY = YES;
				CLANG_WARN_ENUM_CONVERSION = YES;
				CLANG_WARN_INFINITE_RECURSION = YES;
				CLANG_WARN_INT_CONVERSION = YES;
				CLANG_WARN_NON_LITERAL_NULL_CONVERSION = YES;
				CLANG_WARN_OBJC_IMPLICIT_RETAIN_SELF = YES;
				CLANG_WARN_OBJC_LITERAL_CONVERSION = YES;
				CLANG_WARN_OBJC_ROOT_CLASS = YES_ERROR;
				CLANG_WARN_RANGE_LOOP_ANALYSIS = YES;
				CLANG_WARN_STRICT_PROTOTYPES = YES;
				CLANG_WARN_SUSPICIOUS_MOVE = YES;
				CLANG_WARN_UNGUARDED_AVAILABILITY = YES_AGGRESSIVE;
				CLANG_WARN_UNREACHABLE_CODE = YES;
				CLANG_WARN__DUPLICATE_METHOD_MATCH = YES;
				COPY_PHASE_STRIP = NO;
				DEBUG_INFORMATION_FORMAT = "dwarf-with-dsym";
				ENABLE_NS_ASSERTIONS = NO;
				ENABLE_STRICT_OBJC_MSGSEND = YES;
				GCC_C_LANGUAGE_STANDARD = gnu11;
				GCC_NO_COMMON_BLOCKS = YES;
				GCC_WARN_64_TO_32_BIT_CONVERSION = YES;
				GCC_WARN_ABOUT_RETURN_TYPE = YES_ERROR;
				GCC_WARN_UNDECLARED_SELECTOR = YES;
				GCC_WARN_UNINITIALIZED_AUTOS = YES_AGGRESSIVE;
				GCC_WARN_UNUSED_FUNCTION = YES;
				GCC_WARN_UNUSED_VARIABLE = YES;
				IPHONEOS_DEPLOYMENT_TARGET = 13.0;
				MTL_ENABLE_DEBUG_INFO = NO;
				MTL_FAST_MATH = YES;
				SDKROOT = iphoneos;
				SWIFT_COMPILATION_MODE = wholemodule;
				SWIFT_OPTIMIZATION_LEVEL = "-O";
				VALIDATE_PRODUCT = YES;
			};
			name = Release;
		};
		1557701B22A65A2D00187D59 /* Debug */ = {
			isa = XCBuildConfiguration;
			buildSettings = {
				ASSETCATALOG_COMPILER_APPICON_NAME = AppIcon;
				CODE_SIGN_ENTITLEMENTS = Landmarks/Landmarks.entitlements;
				CODE_SIGN_STYLE = Automatic;
				DEVELOPMENT_ASSET_PATHS = "Landmarks/Preview\\ Content";
				DEVELOPMENT_TEAM = K5BA4RPXH6;
				ENABLE_PREVIEWS = YES;
				INFOPLIST_FILE = Landmarks/Info.plist;
				LD_RUNPATH_SEARCH_PATHS = (
					"$(inherited)",
					"@executable_path/Frameworks",
				);
				PRODUCT_BUNDLE_IDENTIFIER = test.com.Landmarks;
				PRODUCT_NAME = "$(TARGET_NAME)";
				SUPPORTS_UIKITFORMAC = NO;
				SWIFT_VERSION = 5.0;
				TARGETED_DEVICE_FAMILY = "1,2";
			};
			name = Debug;
		};
		1557701C22A65A2D00187D59 /* Release */ = {
			isa = XCBuildConfiguration;
			buildSettings = {
				ASSETCATALOG_COMPILER_APPICON_NAME = AppIcon;
				CODE_SIGN_ENTITLEMENTS = Landmarks/Landmarks.entitlements;
				CODE_SIGN_STYLE = Automatic;
				DEVELOPMENT_ASSET_PATHS = "Landmarks/Preview\\ Content";
				DEVELOPMENT_TEAM = K5BA4RPXH6;
				ENABLE_PREVIEWS = YES;
				INFOPLIST_FILE = Landmarks/Info.plist;
				LD_RUNPATH_SEARCH_PATHS = (
					"$(inherited)",
					"@executable_path/Frameworks",
				);
				PRODUCT_BUNDLE_IDENTIFIER = test.com.Landmarks;
				PRODUCT_NAME = "$(TARGET_NAME)";
				SUPPORTS_UIKITFORMAC = NO;
				SWIFT_VERSION = 5.0;
				TARGETED_DEVICE_FAMILY = "1,2";
			};
			name = Release;
		};
/* End XCBuildConfiguration section */

/* Begin XCConfigurationList section */
		1557700122A65A2B00187D59 /* Build configuration list for PBXProject "Landmarks" */ = {
			isa = XCConfigurationList;
			buildConfigurations = (
				1557701822A65A2D00187D59 /* Debug */,
				1557701922A65A2D00187D59 /* Release */,
			);
			defaultConfigurationIsVisible = 0;
			defaultConfigurationName = Release;
		};
		1557701A22A65A2D00187D59 /* Build configuration list for PBXNativeTarget "Landmarks" */ = {
			isa = XCConfigurationList;
			buildConfigurations = (
				1557701B22A65A2D00187D59 /* Debug */,
				1557701C22A65A2D00187D59 /* Release */,
			);
			defaultConfigurationIsVisible = 0;
			defaultConfigurationName = Release;
		};
/* End XCConfigurationList section */
	};
	rootObject = 15576FFE22A65A2B00187D59 /* Project object */;
}
